// !$*UTF8*$!
{
	archiveVersion = 1;
	classes = {
	};
	objectVersion = 46;
	objects = {

/* Begin PBXBuildFile section */
		A73240242591DE6600DEC29B /* UIKit.framework in Frameworks */ = {isa = PBXBuildFile; fileRef = A73240232591DE6600DEC29B /* UIKit.framework */; };
		A73240262591DE6600DEC29B /* Foundation.framework in Frameworks */ = {isa = PBXBuildFile; fileRef = A73240252591DE6600DEC29B /* Foundation.framework */; };
		A73240282591DE6600DEC29B /* CoreGraphics.framework in Frameworks */ = {isa = PBXBuildFile; fileRef = A73240272591DE6600DEC29B /* CoreGraphics.framework */; };
		A732402E2591DE6600DEC29B /* InfoPlist.strings in Resources */ = {isa = PBXBuildFile; fileRef = A732402C2591DE6600DEC29B /* InfoPlist.strings */; };
		A73240302591DE6600DEC29B /* main.m in Sources */ = {isa = PBXBuildFile; fileRef = A732402F2591DE6600DEC29B /* main.m */; };
		A73240342591DE6600DEC29B /* ESTAppDelegate.m in Sources */ = {isa = PBXBuildFile; fileRef = A73240332591DE6600DEC29B /* ESTAppDelegate.m */; };
		A73240372591DE6600DEC29B /* ESTMainViewController.m in Sources */ = {isa = PBXBuildFile; fileRef = A73240362591DE6600DEC29B /* ESTMainViewController.m */; };
		A732403A2591DE6600DEC29B /* ESTFlipsideViewController.m in Sources */ = {isa = PBXBuildFile; fileRef = A73240392591DE6600DEC29B /* ESTFlipsideViewController.m */; };
		A732403D2591DE6600DEC29B /* ESTMainViewController.xib in Resources */ = {isa = PBXBuildFile; fileRef = A732403B2591DE6600DEC29B /* ESTMainViewController.xib */; };
		A73240402591DE6600DEC29B /* ESTFlipsideViewController.xib in Resources */ = {isa = PBXBuildFile; fileRef = A732403E2591DE6600DEC29B /* ESTFlipsideViewController.xib */; };
		A73240472591DE9D00DEC29B /* MapKit.framework in Frameworks */ = {isa = PBXBuildFile; fileRef = A73240462591DE9D00DEC29B /* MapKit.framework */; };
/* End PBXBuildFile section */

/* Begin PBXFileReference section */
		A732401F2591DE6500DEC29B /* TopoMaps.app */ = {isa = PBXFileReference; explicitFileType = wrapper.application; includeInIndex = 0; path = TopoMaps.app; sourceTree = BUILT_PRODUCTS_DIR; };
		A73240232591DE6600DEC29B /* UIKit.framework */ = {isa = PBXFileReference; lastKnownFileType = wrapper.framework; name = UIKit.framework; path = System/Library/Frameworks/UIKit.framework; sourceTree = SDKROOT; };
		A73240252591DE6600DEC29B /* Foundation.framework */ = {isa = PBXFileReference; lastKnownFileType = wrapper.framework; name = Foundation.framework; path = System/Library/Frameworks/Foundation.framework; sourceTree = SDKROOT; };
		A73240272591DE6600DEC29B /* CoreGraphics.framework */ = {isa = PBXFileReference; lastKnownFileType = wrapper.framework; name = CoreGraphics.framework; path = System/Library/Frameworks/CoreGraphics.framework; sourceTree = SDKROOT; };
		A732402B2591DE6600DEC29B /* TopoMaps-Info.plist */ = {isa = PBXFileReference; lastKnownFileType = text.plist.xml; path = "TopoMaps-Info.plist"; sourceTree = "<group>"; };
		A732402D2591DE6600DEC29B /* en */ = {isa = PBXFileReference; lastKnownFileType = text.plist.strings; name = en; path = en.lproj/InfoPlist.strings; sourceTree = "<group>"; };
		A732402F2591DE6600DEC29B /* main.m */ = {isa = PBXFileReference; lastKnownFileType = sourcecode.c.objc; path = main.m; sourceTree = "<group>"; };
		A73240312591DE6600DEC29B /* TopoMaps-Prefix.pch */ = {isa = PBXFileReference; lastKnownFileType = sourcecode.c.h; path = "TopoMaps-Prefix.pch"; sourceTree = "<group>"; };
		A73240322591DE6600DEC29B /* ESTAppDelegate.h */ = {isa = PBXFileReference; lastKnownFileType = sourcecode.c.h; path = ESTAppDelegate.h; sourceTree = "<group>"; };
		A73240332591DE6600DEC29B /* ESTAppDelegate.m */ = {isa = PBXFileReference; lastKnownFileType = sourcecode.c.objc; path = ESTAppDelegate.m; sourceTree = "<group>"; };
		A73240352591DE6600DEC29B /* ESTMainViewController.h */ = {isa = PBXFileReference; lastKnownFileType = sourcecode.c.h; path = ESTMainViewController.h; sourceTree = "<group>"; };
		A73240362591DE6600DEC29B /* ESTMainViewController.m */ = {isa = PBXFileReference; lastKnownFileType = sourcecode.c.objc; path = ESTMainViewController.m; sourceTree = "<group>"; };
		A73240382591DE6600DEC29B /* ESTFlipsideViewController.h */ = {isa = PBXFileReference; lastKnownFileType = sourcecode.c.h; path = ESTFlipsideViewController.h; sourceTree = "<group>"; };
		A73240392591DE6600DEC29B /* ESTFlipsideViewController.m */ = {isa = PBXFileReference; lastKnownFileType = sourcecode.c.objc; path = ESTFlipsideViewController.m; sourceTree = "<group>"; };
		A732403C2591DE6600DEC29B /* en */ = {isa = PBXFileReference; lastKnownFileType = file.xib; name = en; path = en.lproj/ESTMainViewController.xib; sourceTree = "<group>"; };
		A732403F2591DE6600DEC29B /* en */ = {isa = PBXFileReference; lastKnownFileType = file.xib; name = en; path = en.lproj/ESTFlipsideViewController.xib; sourceTree = "<group>"; };
		A73240462591DE9D00DEC29B /* MapKit.framework */ = {isa = PBXFileReference; lastKnownFileType = wrapper.framework; name = MapKit.framework; path = System/Library/Frameworks/MapKit.framework; sourceTree = SDKROOT; };
/* End PBXFileReference section */

/* Begin PBXFrameworksBuildPhase section */
		A732401C2591DE6500DEC29B /* Frameworks */ = {
			isa = PBXFrameworksBuildPhase;
			buildActionMask = 2147483647;
			files = (
				A73240472591DE9D00DEC29B /* MapKit.framework in Frameworks */,
				A73240242591DE6600DEC29B /* UIKit.framework in Frameworks */,
				A73240262591DE6600DEC29B /* Foundation.framework in Frameworks */,
				A73240282591DE6600DEC29B /* CoreGraphics.framework in Frameworks */,
			);
			runOnlyForDeploymentPostprocessing = 0;
		};
/* End PBXFrameworksBuildPhase section */

/* Begin PBXGroup section */
		A73240142591DE6500DEC29B = {
			isa = PBXGroup;
			children = (
				A73240462591DE9D00DEC29B /* MapKit.framework */,
				A73240292591DE6600DEC29B /* TopoMaps */,
				A73240222591DE6600DEC29B /* Frameworks */,
				A73240202591DE6500DEC29B /* Products */,
			);
			sourceTree = "<group>";
		};
		A73240202591DE6500DEC29B /* Products */ = {
			isa = PBXGroup;
			children = (
				A732401F2591DE6500DEC29B /* TopoMaps.app */,
			);
			name = Products;
			sourceTree = "<group>";
		};
		A73240222591DE6600DEC29B /* Frameworks */ = {
			isa = PBXGroup;
			children = (
				A73240232591DE6600DEC29B /* UIKit.framework */,
				A73240252591DE6600DEC29B /* Foundation.framework */,
				A73240272591DE6600DEC29B /* CoreGraphics.framework */,
			);
			name = Frameworks;
			sourceTree = "<group>";
		};
		A73240292591DE6600DEC29B /* TopoMaps */ = {
			isa = PBXGroup;
			children = (
				A73240322591DE6600DEC29B /* ESTAppDelegate.h */,
				A73240332591DE6600DEC29B /* ESTAppDelegate.m */,
				A73240352591DE6600DEC29B /* ESTMainViewController.h */,
				A73240362591DE6600DEC29B /* ESTMainViewController.m */,
				A73240382591DE6600DEC29B /* ESTFlipsideViewController.h */,
				A73240392591DE6600DEC29B /* ESTFlipsideViewController.m */,
				A732403B2591DE6600DEC29B /* ESTMainViewController.xib */,
				A732403E2591DE6600DEC29B /* ESTFlipsideViewController.xib */,
				A732402A2591DE6600DEC29B /* Supporting Files */,
			);
			path = TopoMaps;
			sourceTree = "<group>";
		};
		A732402A2591DE6600DEC29B /* Supporting Files */ = {
			isa = PBXGroup;
			children = (
				A732402B2591DE6600DEC29B /* TopoMaps-Info.plist */,
				A732402C2591DE6600DEC29B /* InfoPlist.strings */,
				A732402F2591DE6600DEC29B /* main.m */,
				A73240312591DE6600DEC29B /* TopoMaps-Prefix.pch */,
			);
			name = "Supporting Files";
			sourceTree = "<group>";
		};
/* End PBXGroup section */

/* Begin PBXNativeTarget section */
		A732401E2591DE6500DEC29B /* TopoMaps */ = {
			isa = PBXNativeTarget;
			buildConfigurationList = A73240432591DE6600DEC29B /* Build configuration list for PBXNativeTarget "TopoMaps" */;
			buildPhases = (
				A732401B2591DE6500DEC29B /* Sources */,
				A732401C2591DE6500DEC29B /* Frameworks */,
				A732401D2591DE6500DEC29B /* Resources */,
			);
			buildRules = (
			);
			dependencies = (
			);
			name = TopoMaps;
			productName = TopoMaps;
			productReference = A732401F2591DE6500DEC29B /* TopoMaps.app */;
			productType = "com.apple.product-type.application";
		};
/* End PBXNativeTarget section */

/* Begin PBXProject section */
		A73240162591DE6500DEC29B /* Project object */ = {
			isa = PBXProject;
			attributes = {
				CLASSPREFIX = EST;
				LastUpgradeCheck = 0430;
			};
			buildConfigurationList = A73240192591DE6500DEC29B /* Build configuration list for PBXProject "TopoMaps" */;
			compatibilityVersion = "Xcode 3.2";
			developmentRegion = English;
			hasScannedForEncodings = 0;
			knownRegions = (
				en,
			);
			mainGroup = A73240142591DE6500DEC29B;
			productRefGroup = A73240202591DE6500DEC29B /* Products */;
			projectDirPath = "";
			projectRoot = "";
			targets = (
				A732401E2591DE6500DEC29B /* TopoMaps */,
			);
		};
/* End PBXProject section */

/* Begin PBXResourcesBuildPhase section */
		A732401D2591DE6500DEC29B /* Resources */ = {
			isa = PBXResourcesBuildPhase;
			buildActionMask = 2147483647;
			files = (
				A732402E2591DE6600DEC29B /* InfoPlist.strings in Resources */,
				A732403D2591DE6600DEC29B /* ESTMainViewController.xib in Resources */,
				A73240402591DE6600DEC29B /* ESTFlipsideViewController.xib in Resources */,
			);
			runOnlyForDeploymentPostprocessing = 0;
		};
/* End PBXResourcesBuildPhase section */

/* Begin PBXSourcesBuildPhase section */
		A732401B2591DE6500DEC29B /* Sources */ = {
			isa = PBXSourcesBuildPhase;
			buildActionMask = 2147483647;
			files = (
				A73240302591DE6600DEC29B /* main.m in Sources */,
				A73240342591DE6600DEC29B /* ESTAppDelegate.m in Sources */,
				A73240372591DE6600DEC29B /* ESTMainViewController.m in Sources */,
				A732403A2591DE6600DEC29B /* ESTFlipsideViewController.m in Sources */,
			);
			runOnlyForDeploymentPostprocessing = 0;
		};
/* End PBXSourcesBuildPhase section */

/* Begin PBXVariantGroup section */
		A732402C2591DE6600DEC29B /* InfoPlist.strings */ = {
			isa = PBXVariantGroup;
			children = (
				A732402D2591DE6600DEC29B /* en */,
			);
			name = InfoPlist.strings;
			sourceTree = "<group>";
		};
		A732403B2591DE6600DEC29B /* ESTMainViewController.xib */ = {
			isa = PBXVariantGroup;
			children = (
				A732403C2591DE6600DEC29B /* en */,
			);
			name = ESTMainViewController.xib;
			sourceTree = "<group>";
		};
		A732403E2591DE6600DEC29B /* ESTFlipsideViewController.xib */ = {
			isa = PBXVariantGroup;
			children = (
				A732403F2591DE6600DEC29B /* en */,
			);
			name = ESTFlipsideViewController.xib;
			sourceTree = "<group>";
		};
/* End PBXVariantGroup section */

/* Begin XCBuildConfiguration section */
		A73240412591DE6600DEC29B /* Debug */ = {
			isa = XCBuildConfiguration;
			buildSettings = {
				ALWAYS_SEARCH_USER_PATHS = NO;
				ARCHS = "$(ARCHS_STANDARD_32_BIT)";
				"CODE_SIGN_IDENTITY[sdk=iphoneos*]" = "iPhone Developer";
				COPY_PHASE_STRIP = NO;
				GCC_C_LANGUAGE_STANDARD = gnu99;
				GCC_DYNAMIC_NO_PIC = NO;
				GCC_OPTIMIZATION_LEVEL = 0;
				GCC_PREPROCESSOR_DEFINITIONS = (
					"DEBUG=1",
					"$(inherited)",
				);
				GCC_SYMBOLS_PRIVATE_EXTERN = NO;
				GCC_VERSION = com.apple.compilers.llvm.clang.1_0;
				GCC_WARN_ABOUT_RETURN_TYPE = YES;
				GCC_WARN_UNINITIALIZED_AUTOS = YES;
				GCC_WARN_UNUSED_VARIABLE = YES;
				IPHONEOS_DEPLOYMENT_TARGET = 5.1;
				SDKROOT = iphoneos;
			};
			name = Debug;
		};
		A73240422591DE6600DEC29B /* Release */ = {
			isa = XCBuildConfiguration;
			buildSettings = {
				ALWAYS_SEARCH_USER_PATHS = NO;
				ARCHS = "$(ARCHS_STANDARD_32_BIT)";
				"CODE_SIGN_IDENTITY[sdk=iphoneos*]" = "iPhone Developer";
				COPY_PHASE_STRIP = YES;
				GCC_C_LANGUAGE_STANDARD = gnu99;
				GCC_VERSION = com.apple.compilers.llvm.clang.1_0;
				GCC_WARN_ABOUT_RETURN_TYPE = YES;
				GCC_WARN_UNINITIALIZED_AUTOS = YES;
				GCC_WARN_UNUSED_VARIABLE = YES;
				IPHONEOS_DEPLOYMENT_TARGET = 5.1;
				OTHER_CFLAGS = "-DNS_BLOCK_ASSERTIONS=1";
				SDKROOT = iphoneos;
				VALIDATE_PRODUCT = YES;
			};
			name = Release;
		};
		A73240442591DE6600DEC29B /* Debug */ = {
			isa = XCBuildConfiguration;
			buildSettings = {
				GCC_PRECOMPILE_PREFIX_HEADER = YES;
				GCC_PREFIX_HEADER = "TopoMaps/TopoMaps-Prefix.pch";
				INFOPLIST_FILE = "TopoMaps/TopoMaps-Info.plist";
				IPHONEOS_DEPLOYMENT_TARGET = 3.0;
				PRODUCT_NAME = "$(TARGET_NAME)";
				WRAPPER_EXTENSION = app;
			};
			name = Debug;
		};
		A73240452591DE6600DEC29B /* Release */ = {
			isa = XCBuildConfiguration;
			buildSettings = {
				GCC_PRECOMPILE_PREFIX_HEADER = YES;
				GCC_PREFIX_HEADER = "TopoMaps/TopoMaps-Prefix.pch";
				INFOPLIST_FILE = "TopoMaps/TopoMaps-Info.plist";
				IPHONEOS_DEPLOYMENT_TARGET = 3.0;
				PRODUCT_NAME = "$(TARGET_NAME)";
				WRAPPER_EXTENSION = app;
			};
			name = Release;
		};
/* End XCBuildConfiguration section */

/* Begin XCConfigurationList section */
		A73240192591DE6500DEC29B /* Build configuration list for PBXProject "TopoMaps" */ = {
			isa = XCConfigurationList;
			buildConfigurations = (
				A73240412591DE6600DEC29B /* Debug */,
				A73240422591DE6600DEC29B /* Release */,
			);
			defaultConfigurationIsVisible = 0;
			defaultConfigurationName = Release;
		};
		A73240432591DE6600DEC29B /* Build configuration list for PBXNativeTarget "TopoMaps" */ = {
			isa = XCConfigurationList;
			buildConfigurations = (
				A73240442591DE6600DEC29B /* Debug */,
				A73240452591DE6600DEC29B /* Release */,
			);
			defaultConfigurationIsVisible = 0;
		};
/* End XCConfigurationList section */
	};
	rootObject = A73240162591DE6500DEC29B /* Project object */;
}
